
Microsoft Visual Studio Solution File, Format Version 12.00
# Visual Studio Version 17
VisualStudioVersion = 17.14.36511.14 d17.14
MinimumVisualStudioVersion = 10.0.40219.1
Project("{FAE04EC0-301F-11D3-BF4B-00C04F79EFBC}") = "AzureHW", "AzureHW\AzureHW.csproj", "{B11E402F-3411-456E-8E36-2141E916B9CD}"
EndProject
Global
	GlobalSection(SolutionConfigurationPlatforms) = preSolution
		Debug|Any CPU = Debug|Any CPU
		Release|Any CPU = Release|Any CPU
	EndGlobalSection
	GlobalSection(ProjectConfigurationPlatforms) = postSolution
		{B11E402F-3411-456E-8E36-2141E916B9CD}.Debug|Any CPU.ActiveCfg = Debug|Any CPU
		{B11E402F-3411-456E-8E36-2141E916B9CD}.Debug|Any CPU.Build.0 = Debug|Any CPU
		{B11E402F-3411-456E-8E36-2141E916B9CD}.Release|Any CPU.ActiveCfg = Release|Any CPU
		{B11E402F-3411-456E-8E36-2141E916B9CD}.Release|Any CPU.Build.0 = Release|Any CPU
	EndGlobalSection
	GlobalSection(SolutionProperties) = preSolution
		HideSolutionNode = FALSE
	EndGlobalSection
	GlobalSection(ExtensibilityGlobals) = postSolution
		SolutionGuid = {52CB6BD0-3ADB-47B5-9F0C-81EE83A42914}
	EndGlobalSection
EndGlobal
